
Microsoft Visual Studio Solution File, Format Version 12.00
# Visual Studio Version 16
VisualStudioVersion = 16.0.32802.440
MinimumVisualStudioVersion = 10.0.40219.1
Project("{FAE04EC0-301F-11D3-BF4B-00C04F79EFBC}") = "AUTO_START_DESDOCUMENT", "AUTO_START_DESDOCUMENT\AUTO_START_DESDOCUMENT.csproj", "{94D84944-4659-40B2-AB84-65FCF8679B50}"
EndProject
Global
	GlobalSection(SolutionConfigurationPlatforms) = preSolution
		Debug|Any CPU = Debug|Any CPU
		Release|Any CPU = Release|Any CPU
	EndGlobalSection
	GlobalSection(ProjectConfigurationPlatforms) = postSolution
		{94D84944-4659-40B2-AB84-65FCF8679B50}.Debug|Any CPU.ActiveCfg = Debug|Any CPU
		{94D84944-4659-40B2-AB84-65FCF8679B50}.Debug|Any CPU.Build.0 = Debug|Any CPU
		{94D84944-4659-40B2-AB84-65FCF8679B50}.Release|Any CPU.ActiveCfg = Release|Any CPU
		{94D84944-4659-40B2-AB84-65FCF8679B50}.Release|Any CPU.Build.0 = Release|Any CPU
	EndGlobalSection
	GlobalSection(SolutionProperties) = preSolution
		HideSolutionNode = FALSE
	EndGlobalSection
	GlobalSection(ExtensibilityGlobals) = postSolution
		SolutionGuid = {B0BE8018-1F08-4435-9867-DE8A591F22AD}
	EndGlobalSection
EndGlobal
